PODS:
  - Alamofire (4.8.2)
  - BRYXBanner (0.8.2)
  - EzPopup (1.1)
  - FSCalendar (2.8.0)
  - IQKeyboardManagerSwift (6.4.0)
  - SideMenu (6.1.1)
  - SwiftyJSON (4.0.0)

DEPENDENCIES:
  - Alamofire
  - BRYXBanner (= 0.8.2)
  - EzPopup
  - FSCalendar
  - IQKeyboardManagerSwift
  - SideMenu
  - SwiftyJSON (= 4.0.0)

SPEC REPOS:
  https://github.com/cocoapods/specs.git:
    - Alamofire
    - BRYXBanner
    - EzPopup
    - FSCalendar
    - IQKeyboardManagerSwift
    - SideMenu
    - SwiftyJSON

SPEC CHECKSUMS:
  Alamofire: ae5c501addb7afdbb13687d7f2f722c78734c2d3
  BRYXBanner: a6168ecca837c1a566986a9ee1625509a33915bf
  EzPopup: b959cfb0d70d782a28e770a96c454df0401467c7
  FSCalendar: 3a5ed3636e2ba1b83ebebfcf0c2603105a6f5efe
  IQKeyboardManagerSwift: ed9b04ee0e3067ffba543283462d619f944b05e5
  SideMenu: 179bd1df915e51458da659573c6cb84826321041
  SwiftyJSON: 070dabdcb1beb81b247c65ffa3a79dbbfb3b48aa

PODFILE CHECKSUM: 085a028a031ba1244dd3caf738044d6a7a4d3dd8

COCOAPODS: 1.7.5
