// !$*UTF8*$!
{
	archiveVersion = 1;
	classes = {
	};
	objectVersion = 51;
	objects = {

/* Begin PBXBuildFile section */
		560104E32349946D004356B1 /* trfehkmVC.swift in Sources */ = {isa = PBXBuildFile; fileRef = 560104E22349946D004356B1 /* trfehkmVC.swift */; };
		560104E52349949A004356B1 /* trfehkm.storyboard in Resources */ = {isa = PBXBuildFile; fileRef = 560104E42349949A004356B1 /* trfehkm.storyboard */; };
		560E38A0234B99710036028F /* confirmFatoraOfEstrahaVC.swift in Sources */ = {isa = PBXBuildFile; fileRef = 560E389F234B99710036028F /* confirmFatoraOfEstrahaVC.swift */; };
		560E38A2234B9A210036028F /* typeOfMoneyVC.swift in Sources */ = {isa = PBXBuildFile; fileRef = 560E38A1234B9A210036028F /* typeOfMoneyVC.swift */; };
		560E38A4234B9F550036028F /* confirmPaymentDetailsVC.swift in Sources */ = {isa = PBXBuildFile; fileRef = 560E38A3234B9F550036028F /* confirmPaymentDetailsVC.swift */; };
		560E38A6234B9F7E0036028F /* donePaymentVC.swift in Sources */ = {isa = PBXBuildFile; fileRef = 560E38A5234B9F7E0036028F /* donePaymentVC.swift */; };
		560E38AB234BA1630036028F /* dateForShoppingFromStoreVC.swift in Sources */ = {isa = PBXBuildFile; fileRef = 560E38AA234BA1630036028F /* dateForShoppingFromStoreVC.swift */; };
		560E38AD234BA6F30036028F /* storesListVC.swift in Sources */ = {isa = PBXBuildFile; fileRef = 560E38AC234BA6F30036028F /* storesListVC.swift */; };
		560E38AF234BA8E50036028F /* storeDetailsVC.swift in Sources */ = {isa = PBXBuildFile; fileRef = 560E38AE234BA8E50036028F /* storeDetailsVC.swift */; };
		560E38B1234BB2700036028F /* typeOfStoreListVC.swift in Sources */ = {isa = PBXBuildFile; fileRef = 560E38B0234BB2700036028F /* typeOfStoreListVC.swift */; };
		560E38B3234BB7010036028F /* categoryListVC.swift in Sources */ = {isa = PBXBuildFile; fileRef = 560E38B2234BB7010036028F /* categoryListVC.swift */; };
		561E879F231577F1000C243F /* imgPicker.swift in Sources */ = {isa = PBXBuildFile; fileRef = 561E879E231577F1000C243F /* imgPicker.swift */; };
		561E87A123158505000C243F /* editNormalUserVC.swift in Sources */ = {isa = PBXBuildFile; fileRef = 561E87A023158505000C243F /* editNormalUserVC.swift */; };
		561E87A32315851A000C243F /* editDelivaryUserVC.swift in Sources */ = {isa = PBXBuildFile; fileRef = 561E87A22315851A000C243F /* editDelivaryUserVC.swift */; };
		561E87A523158532000C243F /* editCompanyUser.swift in Sources */ = {isa = PBXBuildFile; fileRef = 561E87A423158532000C243F /* editCompanyUser.swift */; };
		562619DA232004770006FB58 /* afrahkmVC.swift in Sources */ = {isa = PBXBuildFile; fileRef = 562619D9232004770006FB58 /* afrahkmVC.swift */; };
		563A12362348E11D008F92C6 /* shoppingFromStores.storyboard in Resources */ = {isa = PBXBuildFile; fileRef = 563A12352348E11D008F92C6 /* shoppingFromStores.storyboard */; };
		563A12382348E178008F92C6 /* shoppingFromItems.storyboard in Resources */ = {isa = PBXBuildFile; fileRef = 563A12372348E178008F92C6 /* shoppingFromItems.storyboard */; };
		563A123A2348E1BA008F92C6 /* shoppingFromSAHLApp.storyboard in Resources */ = {isa = PBXBuildFile; fileRef = 563A12392348E1BA008F92C6 /* shoppingFromSAHLApp.storyboard */; };
		563A123C23499123008F92C6 /* m4tryatyCustomCell.swift in Sources */ = {isa = PBXBuildFile; fileRef = 563A123B23499123008F92C6 /* m4tryatyCustomCell.swift */; };
		564BE67B2347A1B900A75A76 /* Mo2nkmVC.swift in Sources */ = {isa = PBXBuildFile; fileRef = 564BE67A2347A1B900A75A76 /* Mo2nkmVC.swift */; };
		564BE67D2347A1D000A75A76 /* M4traytyListVC.swift in Sources */ = {isa = PBXBuildFile; fileRef = 564BE67C2347A1D000A75A76 /* M4traytyListVC.swift */; };
		564BE67F2347A1EA00A75A76 /* SettingVC.swift in Sources */ = {isa = PBXBuildFile; fileRef = 564BE67E2347A1EA00A75A76 /* SettingVC.swift */; };
		565F068A232A9C5F008DAB98 /* fatortElmadbaVC.swift in Sources */ = {isa = PBXBuildFile; fileRef = 565F0689232A9C5F008DAB98 /* fatortElmadbaVC.swift */; };
		565F068C232A9D85008DAB98 /* m5abezListVC.swift in Sources */ = {isa = PBXBuildFile; fileRef = 565F068B232A9D85008DAB98 /* m5abezListVC.swift */; };
		565F068F232BF411008DAB98 /* DateForDyafaVC.swift in Sources */ = {isa = PBXBuildFile; fileRef = 565F068E232BF411008DAB98 /* DateForDyafaVC.swift */; };
		565F0691232BF44B008DAB98 /* mrakzListVC.swift in Sources */ = {isa = PBXBuildFile; fileRef = 565F0690232BF44B008DAB98 /* mrakzListVC.swift */; };
		565F0693232BF4A3008DAB98 /* fatoraForMrtbatVC.swift in Sources */ = {isa = PBXBuildFile; fileRef = 565F0692232BF4A3008DAB98 /* fatoraForMrtbatVC.swift */; };
		565F0697232BF579008DAB98 /* fatoraForDyafaVC.swift in Sources */ = {isa = PBXBuildFile; fileRef = 565F0696232BF579008DAB98 /* fatoraForDyafaVC.swift */; };
		565F069A232BF684008DAB98 /* DateForKwshAndTaelatVC.swift in Sources */ = {isa = PBXBuildFile; fileRef = 565F0699232BF684008DAB98 /* DateForKwshAndTaelatVC.swift */; };
		565F069C232BF6D6008DAB98 /* KwshWTawlatListVC.swift in Sources */ = {isa = PBXBuildFile; fileRef = 565F069B232BF6D6008DAB98 /* KwshWTawlatListVC.swift */; };
		565F069E232BF880008DAB98 /* kwshWTawlatCustomCell.swift in Sources */ = {isa = PBXBuildFile; fileRef = 565F069D232BF880008DAB98 /* kwshWTawlatCustomCell.swift */; };
		565F06A0232BF8C0008DAB98 /* kwshShapesVC.swift in Sources */ = {isa = PBXBuildFile; fileRef = 565F069F232BF8C0008DAB98 /* kwshShapesVC.swift */; };
		565F06A2232BF8FD008DAB98 /* tawlatShapesVC.swift in Sources */ = {isa = PBXBuildFile; fileRef = 565F06A1232BF8FD008DAB98 /* tawlatShapesVC.swift */; };
		56738E1A231431F700201DA9 /* api.swift in Sources */ = {isa = PBXBuildFile; fileRef = 56738E19231431F700201DA9 /* api.swift */; };
		56738E1D2314336900201DA9 /* trimmedString.swift in Sources */ = {isa = PBXBuildFile; fileRef = 56738E1C2314336900201DA9 /* trimmedString.swift */; };
		56738E202314354D00201DA9 /* URLs.swift in Sources */ = {isa = PBXBuildFile; fileRef = 56738E1F2314354D00201DA9 /* URLs.swift */; };
		56738E2223143E1600201DA9 /* helper.swift in Sources */ = {isa = PBXBuildFile; fileRef = 56738E2123143E1600201DA9 /* helper.swift */; };
		56773CD5230EBAD100FDCAF8 /* HomePageVC.swift in Sources */ = {isa = PBXBuildFile; fileRef = 56773CD4230EBAD100FDCAF8 /* HomePageVC.swift */; };
		56773CD7230EBB1500FDCAF8 /* homePageCell.swift in Sources */ = {isa = PBXBuildFile; fileRef = 56773CD6230EBB1500FDCAF8 /* homePageCell.swift */; };
		56773CDB230EBD9700FDCAF8 /* HomePageModel.swift in Sources */ = {isa = PBXBuildFile; fileRef = 56773CDA230EBD9700FDCAF8 /* HomePageModel.swift */; };
		56889C8C231826E300A1AD13 /* dataServices.swift in Sources */ = {isa = PBXBuildFile; fileRef = 56889C8B231826E300A1AD13 /* dataServices.swift */; };
		56889C9023199C9600A1AD13 /* Data.swift in Sources */ = {isa = PBXBuildFile; fileRef = 56889C8E23199C9500A1AD13 /* Data.swift */; };
		56889C9123199C9600A1AD13 /* RegisterDataModel.swift in Sources */ = {isa = PBXBuildFile; fileRef = 56889C8F23199C9600A1AD13 /* RegisterDataModel.swift */; };
		56889C932319A04600A1AD13 /* Constants.swift in Sources */ = {isa = PBXBuildFile; fileRef = 56889C922319A04600A1AD13 /* Constants.swift */; };
		56889C952319A4BA00A1AD13 /* MenuTableViewVC.swift in Sources */ = {isa = PBXBuildFile; fileRef = 56889C942319A4BA00A1AD13 /* MenuTableViewVC.swift */; };
		56889C972319A51700A1AD13 /* MenuCell.swift in Sources */ = {isa = PBXBuildFile; fileRef = 56889C962319A51700A1AD13 /* MenuCell.swift */; };
		5689597D2312C83E00CA9133 /* UserData.swift in Sources */ = {isa = PBXBuildFile; fileRef = 5689597B2312C83E00CA9133 /* UserData.swift */; };
		5689597E2312C83E00CA9133 /* networkRes.swift in Sources */ = {isa = PBXBuildFile; fileRef = 5689597C2312C83E00CA9133 /* networkRes.swift */; };
		568959802312D8B000CA9133 /* loginPageVC.swift in Sources */ = {isa = PBXBuildFile; fileRef = 5689597F2312D8B000CA9133 /* loginPageVC.swift */; };
		569190DD230C13A100AEF138 /* customTextField.swift in Sources */ = {isa = PBXBuildFile; fileRef = 569190DC230C13A100AEF138 /* customTextField.swift */; };
		569190DF230C161700AEF138 /* customButton.swift in Sources */ = {isa = PBXBuildFile; fileRef = 569190DE230C161700AEF138 /* customButton.swift */; };
		569190E1230C3CCC00AEF138 /* signUpVC.swift in Sources */ = {isa = PBXBuildFile; fileRef = 569190E0230C3CCC00AEF138 /* signUpVC.swift */; };
		569190E3230C3D0600AEF138 /* normalUserSignUpVC.swift in Sources */ = {isa = PBXBuildFile; fileRef = 569190E2230C3D0600AEF138 /* normalUserSignUpVC.swift */; };
		569190E5230C3D4B00AEF138 /* delivaryUserSignUpVC.swift in Sources */ = {isa = PBXBuildFile; fileRef = 569190E4230C3D4B00AEF138 /* delivaryUserSignUpVC.swift */; };
		569190E7230C3D7300AEF138 /* companyOwnerSignUpVC.swift in Sources */ = {isa = PBXBuildFile; fileRef = 569190E6230C3D7300AEF138 /* companyOwnerSignUpVC.swift */; };
		56945E69232FD2E5003A3C1D /* tfaselEstrahaVC.swift in Sources */ = {isa = PBXBuildFile; fileRef = 56945E68232FD2E5003A3C1D /* tfaselEstrahaVC.swift */; };
		56945E6B232FD50C003A3C1D /* customView.swift in Sources */ = {isa = PBXBuildFile; fileRef = 56945E6A232FD50C003A3C1D /* customView.swift */; };
		56945E6D232FDB98003A3C1D /* khdmatMadfo3aCell.swift in Sources */ = {isa = PBXBuildFile; fileRef = 56945E6C232FDB98003A3C1D /* khdmatMadfo3aCell.swift */; };
		56B64AA6230EDA8D005E84BF /* STC-Bold.ttf in Resources */ = {isa = PBXBuildFile; fileRef = 56B64AA4230EDA8D005E84BF /* STC-Bold.ttf */; };
		56B64AA7230EDA8D005E84BF /* STC-Regular.ttf in Resources */ = {isa = PBXBuildFile; fileRef = 56B64AA5230EDA8D005E84BF /* STC-Regular.ttf */; };
		56B64AAA230F00D0005E84BF /* customSearchBar.swift in Sources */ = {isa = PBXBuildFile; fileRef = 56B64AA9230F00D0005E84BF /* customSearchBar.swift */; };
		56B64AAC230F0F4E005E84BF /* forgetPasswordVC.swift in Sources */ = {isa = PBXBuildFile; fileRef = 56B64AAB230F0F4E005E84BF /* forgetPasswordVC.swift */; };
		56BB63F1232564D7002D9A5D /* dateVC.swift in Sources */ = {isa = PBXBuildFile; fileRef = 56BB63F0232564D7002D9A5D /* dateVC.swift */; };
		56C0DB18234CEF5700D43AEF /* btakatyWMkafatyVC.swift in Sources */ = {isa = PBXBuildFile; fileRef = 56C0DB17234CEF5700D43AEF /* btakatyWMkafatyVC.swift */; };
		56C0DB1A234CEF9F00D43AEF /* btakaDetailsVC.swift in Sources */ = {isa = PBXBuildFile; fileRef = 56C0DB19234CEF9F00D43AEF /* btakaDetailsVC.swift */; };
		56C0DB1D234CF3FC00D43AEF /* estrga3WEstbdalVC.swift in Sources */ = {isa = PBXBuildFile; fileRef = 56C0DB1C234CF3FC00D43AEF /* estrga3WEstbdalVC.swift */; };
		56C0DB20234CF59400D43AEF /* shkaywWEktra7atVC.swift in Sources */ = {isa = PBXBuildFile; fileRef = 56C0DB1F234CF59400D43AEF /* shkaywWEktra7atVC.swift */; };
		56C0DB23234CF78400D43AEF /* aboutApplicationVC.swift in Sources */ = {isa = PBXBuildFile; fileRef = 56C0DB22234CF78400D43AEF /* aboutApplicationVC.swift */; };
		56C0DB25234CF7DD00D43AEF /* whoAreTsaheelVC.swift in Sources */ = {isa = PBXBuildFile; fileRef = 56C0DB24234CF7DD00D43AEF /* whoAreTsaheelVC.swift */; };
		56C0DB27234CF82400D43AEF /* rateTsaheelVC.swift in Sources */ = {isa = PBXBuildFile; fileRef = 56C0DB26234CF82400D43AEF /* rateTsaheelVC.swift */; };
		56C0DB29234CF85C00D43AEF /* privicyAndUseVC.swift in Sources */ = {isa = PBXBuildFile; fileRef = 56C0DB28234CF85C00D43AEF /* privicyAndUseVC.swift */; };
		56C0DB2B234CF89900D43AEF /* documentationVC.swift in Sources */ = {isa = PBXBuildFile; fileRef = 56C0DB2A234CF89900D43AEF /* documentationVC.swift */; };
		56C0DB2D234CF8C700D43AEF /* callUsVC.swift in Sources */ = {isa = PBXBuildFile; fileRef = 56C0DB2C234CF8C700D43AEF /* callUsVC.swift */; };
		56CC93FE23293833007B7E10 /* estrahaSB.storyboard in Resources */ = {isa = PBXBuildFile; fileRef = 56CC93FD23293833007B7E10 /* estrahaSB.storyboard */; };
		56CC9400232938F4007B7E10 /* WalemaSB.storyboard in Resources */ = {isa = PBXBuildFile; fileRef = 56CC93FF232938F4007B7E10 /* WalemaSB.storyboard */; };
		56CC94022329392A007B7E10 /* DyafaSB.storyboard in Resources */ = {isa = PBXBuildFile; fileRef = 56CC94012329392A007B7E10 /* DyafaSB.storyboard */; };
		56CC940423293951007B7E10 /* KwshWTawlat.storyboard in Resources */ = {isa = PBXBuildFile; fileRef = 56CC940323293951007B7E10 /* KwshWTawlat.storyboard */; };
		56CC940723293ACE007B7E10 /* EstrahatListVC.swift in Sources */ = {isa = PBXBuildFile; fileRef = 56CC940623293ACE007B7E10 /* EstrahatListVC.swift */; };
		56CC940923293E8B007B7E10 /* EstrahatcutomCell.swift in Sources */ = {isa = PBXBuildFile; fileRef = 56CC940823293E8B007B7E10 /* EstrahatcutomCell.swift */; };
		56CC940C23294901007B7E10 /* DateForWalemaVC.swift in Sources */ = {isa = PBXBuildFile; fileRef = 56CC940B23294901007B7E10 /* DateForWalemaVC.swift */; };
		56CC940E23295FB3007B7E10 /* mtabekhListVC.swift in Sources */ = {isa = PBXBuildFile; fileRef = 56CC940D23295FB3007B7E10 /* mtabekhListVC.swift */; };
		56CC941023295FE2007B7E10 /* WalemaCutomCell.swift in Sources */ = {isa = PBXBuildFile; fileRef = 56CC940F23295FE2007B7E10 /* WalemaCutomCell.swift */; };
		56D6057B234A4C50008664DD /* FatoraOfEstraha.swift in Sources */ = {isa = PBXBuildFile; fileRef = 56D6057A234A4C50008664DD /* FatoraOfEstraha.swift */; };
		56E734AE230AC12E0062C929 /* AppDelegate.swift in Sources */ = {isa = PBXBuildFile; fileRef = 56E734AD230AC12E0062C929 /* AppDelegate.swift */; };
		56E734B3230AC12F0062C929 /* Main.storyboard in Resources */ = {isa = PBXBuildFile; fileRef = 56E734B1230AC12F0062C929 /* Main.storyboard */; };
		56E734B5230AC1300062C929 /* Assets.xcassets in Resources */ = {isa = PBXBuildFile; fileRef = 56E734B4230AC1300062C929 /* Assets.xcassets */; };
		56E734B8230AC1300062C929 /* LaunchScreen.storyboard in Resources */ = {isa = PBXBuildFile; fileRef = 56E734B6230AC1300062C929 /* LaunchScreen.storyboard */; };
		56EDAAE7231D67DE00B45C91 /* ImageData.swift in Sources */ = {isa = PBXBuildFile; fileRef = 56EDAAE5231D67DE00B45C91 /* ImageData.swift */; };
		56EDAAE8231D67DE00B45C91 /* UploadImageModel.swift in Sources */ = {isa = PBXBuildFile; fileRef = 56EDAAE6231D67DE00B45C91 /* UploadImageModel.swift */; };
		56F8D6CD234CC9C60081145B /* itemDetailsVC.swift in Sources */ = {isa = PBXBuildFile; fileRef = 56F8D6CC234CC9C60081145B /* itemDetailsVC.swift */; };
		56F8D6CF234CCDF90081145B /* fatoraForShoppingVC.swift in Sources */ = {isa = PBXBuildFile; fileRef = 56F8D6CE234CCDF90081145B /* fatoraForShoppingVC.swift */; };
		56F8D6D1234CD9150081145B /* DateForShoppingFromItemsVC.swift in Sources */ = {isa = PBXBuildFile; fileRef = 56F8D6D0234CD9150081145B /* DateForShoppingFromItemsVC.swift */; };
		56F8D6D3234CD9C60081145B /* ItemsListVC.swift in Sources */ = {isa = PBXBuildFile; fileRef = 56F8D6D2234CD9C60081145B /* ItemsListVC.swift */; };
		56F8D6D5234CDA3F0081145B /* typeOfStoredItemsVC.swift in Sources */ = {isa = PBXBuildFile; fileRef = 56F8D6D4234CDA3F0081145B /* typeOfStoredItemsVC.swift */; };
		56F8D6D7234CDBCA0081145B /* BestPriceForSHoppingFromItemVC.swift in Sources */ = {isa = PBXBuildFile; fileRef = 56F8D6D6234CDBCA0081145B /* BestPriceForSHoppingFromItemVC.swift */; };
		56F8D6D9234CDCA40081145B /* ShoppingCardVC.swift in Sources */ = {isa = PBXBuildFile; fileRef = 56F8D6D8234CDCA40081145B /* ShoppingCardVC.swift */; };
		5B419E22233FDDAC00EB55A1 /* CheckInternet.swift in Sources */ = {isa = PBXBuildFile; fileRef = 5B419E21233FDDAC00EB55A1 /* CheckInternet.swift */; };
		5B5EFB112332C963001DAB42 /* MaadobaOrMoratebatViewController.swift in Sources */ = {isa = PBXBuildFile; fileRef = 5B5EFB102332C963001DAB42 /* MaadobaOrMoratebatViewController.swift */; };
		5B5EFB132332CA00001DAB42 /* MaadobaDetailsViewController.swift in Sources */ = {isa = PBXBuildFile; fileRef = 5B5EFB122332CA00001DAB42 /* MaadobaDetailsViewController.swift */; };
		5B5EFB152332D0B6001DAB42 /* m5abezCustomCell.swift in Sources */ = {isa = PBXBuildFile; fileRef = 5B5EFB142332D0B6001DAB42 /* m5abezCustomCell.swift */; };
		5B5EFB172332D490001DAB42 /* mrakzCustomCell.swift in Sources */ = {isa = PBXBuildFile; fileRef = 5B5EFB162332D490001DAB42 /* mrakzCustomCell.swift */; };
		5B678FA22334FA3100BA6658 /* EstrahaDetailsModel.swift in Sources */ = {isa = PBXBuildFile; fileRef = 5B678FA12334FA3100BA6658 /* EstrahaDetailsModel.swift */; };
		5B678FA42334FEE100BA6658 /* EstrahaData.swift in Sources */ = {isa = PBXBuildFile; fileRef = 5B678FA32334FEE100BA6658 /* EstrahaData.swift */; };
		5B678FA62335281900BA6658 /* MapViewController.swift in Sources */ = {isa = PBXBuildFile; fileRef = 5B678FA52335281900BA6658 /* MapViewController.swift */; };
		5B678FA82335283D00BA6658 /* DetailsViewController.swift in Sources */ = {isa = PBXBuildFile; fileRef = 5B678FA72335283D00BA6658 /* DetailsViewController.swift */; };
		5B697046232EC7380032E6E3 /* SideMenuViewController.swift in Sources */ = {isa = PBXBuildFile; fileRef = 5B697045232EC7380032E6E3 /* SideMenuViewController.swift */; };
		5B69704A232EC8970032E6E3 /* SWRevealViewController.m in Sources */ = {isa = PBXBuildFile; fileRef = 5B697048232EC8970032E6E3 /* SWRevealViewController.m */; };
		DCBD32501CC0398D9FD64CBC /* Pods_tsaheel.framework in Frameworks */ = {isa = PBXBuildFile; fileRef = 8611DAB2617B66CD1951FC64 /* Pods_tsaheel.framework */; };
/* End PBXBuildFile section */

/* Begin PBXFileReference section */
		560104E22349946D004356B1 /* trfehkmVC.swift */ = {isa = PBXFileReference; lastKnownFileType = sourcecode.swift; path = trfehkmVC.swift; sourceTree = "<group>"; };
		560104E42349949A004356B1 /* trfehkm.storyboard */ = {isa = PBXFileReference; lastKnownFileType = file.storyboard; path = trfehkm.storyboard; sourceTree = "<group>"; };
		560E389F234B99710036028F /* confirmFatoraOfEstrahaVC.swift */ = {isa = PBXFileReference; lastKnownFileType = sourcecode.swift; path = confirmFatoraOfEstrahaVC.swift; sourceTree = "<group>"; };
		560E38A1234B9A210036028F /* typeOfMoneyVC.swift */ = {isa = PBXFileReference; lastKnownFileType = sourcecode.swift; path = typeOfMoneyVC.swift; sourceTree = "<group>"; };
		560E38A3234B9F550036028F /* confirmPaymentDetailsVC.swift */ = {isa = PBXFileReference; lastKnownFileType = sourcecode.swift; path = confirmPaymentDetailsVC.swift; sourceTree = "<group>"; };
		560E38A5234B9F7E0036028F /* donePaymentVC.swift */ = {isa = PBXFileReference; lastKnownFileType = sourcecode.swift; path = donePaymentVC.swift; sourceTree = "<group>"; };
		560E38AA234BA1630036028F /* dateForShoppingFromStoreVC.swift */ = {isa = PBXFileReference; lastKnownFileType = sourcecode.swift; path = dateForShoppingFromStoreVC.swift; sourceTree = "<group>"; };
		560E38AC234BA6F30036028F /* storesListVC.swift */ = {isa = PBXFileReference; lastKnownFileType = sourcecode.swift; path = storesListVC.swift; sourceTree = "<group>"; };
		560E38AE234BA8E50036028F /* storeDetailsVC.swift */ = {isa = PBXFileReference; lastKnownFileType = sourcecode.swift; path = storeDetailsVC.swift; sourceTree = "<group>"; };
		560E38B0234BB2700036028F /* typeOfStoreListVC.swift */ = {isa = PBXFileReference; lastKnownFileType = sourcecode.swift; path = typeOfStoreListVC.swift; sourceTree = "<group>"; };
		560E38B2234BB7010036028F /* categoryListVC.swift */ = {isa = PBXFileReference; lastKnownFileType = sourcecode.swift; path = categoryListVC.swift; sourceTree = "<group>"; };
		561E879E231577F1000C243F /* imgPicker.swift */ = {isa = PBXFileReference; lastKnownFileType = sourcecode.swift; path = imgPicker.swift; sourceTree = "<group>"; };
		561E87A023158505000C243F /* editNormalUserVC.swift */ = {isa = PBXFileReference; lastKnownFileType = sourcecode.swift; path = editNormalUserVC.swift; sourceTree = "<group>"; };
		561E87A22315851A000C243F /* editDelivaryUserVC.swift */ = {isa = PBXFileReference; lastKnownFileType = sourcecode.swift; path = editDelivaryUserVC.swift; sourceTree = "<group>"; };
		561E87A423158532000C243F /* editCompanyUser.swift */ = {isa = PBXFileReference; lastKnownFileType = sourcecode.swift; path = editCompanyUser.swift; sourceTree = "<group>"; };
		562619D9232004770006FB58 /* afrahkmVC.swift */ = {isa = PBXFileReference; lastKnownFileType = sourcecode.swift; path = afrahkmVC.swift; sourceTree = "<group>"; };
		563A12352348E11D008F92C6 /* shoppingFromStores.storyboard */ = {isa = PBXFileReference; lastKnownFileType = file.storyboard; path = shoppingFromStores.storyboard; sourceTree = "<group>"; };
		563A12372348E178008F92C6 /* shoppingFromItems.storyboard */ = {isa = PBXFileReference; lastKnownFileType = file.storyboard; path = shoppingFromItems.storyboard; sourceTree = "<group>"; };
		563A12392348E1BA008F92C6 /* shoppingFromSAHLApp.storyboard */ = {isa = PBXFileReference; lastKnownFileType = file.storyboard; path = shoppingFromSAHLApp.storyboard; sourceTree = "<group>"; };
		563A123B23499123008F92C6 /* m4tryatyCustomCell.swift */ = {isa = PBXFileReference; lastKnownFileType = sourcecode.swift; path = m4tryatyCustomCell.swift; sourceTree = "<group>"; };
		564BE67A2347A1B900A75A76 /* Mo2nkmVC.swift */ = {isa = PBXFileReference; lastKnownFileType = sourcecode.swift; path = Mo2nkmVC.swift; sourceTree = "<group>"; };
		564BE67C2347A1D000A75A76 /* M4traytyListVC.swift */ = {isa = PBXFileReference; lastKnownFileType = sourcecode.swift; path = M4traytyListVC.swift; sourceTree = "<group>"; };
		564BE67E2347A1EA00A75A76 /* SettingVC.swift */ = {isa = PBXFileReference; lastKnownFileType = sourcecode.swift; path = SettingVC.swift; sourceTree = "<group>"; };
		565F0689232A9C5F008DAB98 /* fatortElmadbaVC.swift */ = {isa = PBXFileReference; lastKnownFileType = sourcecode.swift; path = fatortElmadbaVC.swift; sourceTree = "<group>"; };
		565F068B232A9D85008DAB98 /* m5abezListVC.swift */ = {isa = PBXFileReference; lastKnownFileType = sourcecode.swift; path = m5abezListVC.swift; sourceTree = "<group>"; };
		565F068E232BF411008DAB98 /* DateForDyafaVC.swift */ = {isa = PBXFileReference; lastKnownFileType = sourcecode.swift; path = DateForDyafaVC.swift; sourceTree = "<group>"; };
		565F0690232BF44B008DAB98 /* mrakzListVC.swift */ = {isa = PBXFileReference; lastKnownFileType = sourcecode.swift; path = mrakzListVC.swift; sourceTree = "<group>"; };
		565F0692232BF4A3008DAB98 /* fatoraForMrtbatVC.swift */ = {isa = PBXFileReference; lastKnownFileType = sourcecode.swift; path = fatoraForMrtbatVC.swift; sourceTree = "<group>"; };
		565F0696232BF579008DAB98 /* fatoraForDyafaVC.swift */ = {isa = PBXFileReference; lastKnownFileType = sourcecode.swift; path = fatoraForDyafaVC.swift; sourceTree = "<group>"; };
		565F0699232BF684008DAB98 /* DateForKwshAndTaelatVC.swift */ = {isa = PBXFileReference; lastKnownFileType = sourcecode.swift; path = DateForKwshAndTaelatVC.swift; sourceTree = "<group>"; };
		565F069B232BF6D6008DAB98 /* KwshWTawlatListVC.swift */ = {isa = PBXFileReference; lastKnownFileType = sourcecode.swift; path = KwshWTawlatListVC.swift; sourceTree = "<group>"; };
		565F069D232BF880008DAB98 /* kwshWTawlatCustomCell.swift */ = {isa = PBXFileReference; lastKnownFileType = sourcecode.swift; path = kwshWTawlatCustomCell.swift; sourceTree = "<group>"; };
		565F069F232BF8C0008DAB98 /* kwshShapesVC.swift */ = {isa = PBXFileReference; lastKnownFileType = sourcecode.swift; path = kwshShapesVC.swift; sourceTree = "<group>"; };
		565F06A1232BF8FD008DAB98 /* tawlatShapesVC.swift */ = {isa = PBXFileReference; lastKnownFileType = sourcecode.swift; path = tawlatShapesVC.swift; sourceTree = "<group>"; };
		56738E19231431F700201DA9 /* api.swift */ = {isa = PBXFileReference; lastKnownFileType = sourcecode.swift; path = api.swift; sourceTree = "<group>"; };
		56738E1C2314336900201DA9 /* trimmedString.swift */ = {isa = PBXFileReference; lastKnownFileType = sourcecode.swift; path = trimmedString.swift; sourceTree = "<group>"; };
		56738E1F2314354D00201DA9 /* URLs.swift */ = {isa = PBXFileReference; lastKnownFileType = sourcecode.swift; path = URLs.swift; sourceTree = "<group>"; };
		56738E2123143E1600201DA9 /* helper.swift */ = {isa = PBXFileReference; lastKnownFileType = sourcecode.swift; path = helper.swift; sourceTree = "<group>"; };
		56773CD4230EBAD100FDCAF8 /* HomePageVC.swift */ = {isa = PBXFileReference; lastKnownFileType = sourcecode.swift; path = HomePageVC.swift; sourceTree = "<group>"; };
		56773CD6230EBB1500FDCAF8 /* homePageCell.swift */ = {isa = PBXFileReference; lastKnownFileType = sourcecode.swift; path = homePageCell.swift; sourceTree = "<group>"; };
		56773CDA230EBD9700FDCAF8 /* HomePageModel.swift */ = {isa = PBXFileReference; lastKnownFileType = sourcecode.swift; path = HomePageModel.swift; sourceTree = "<group>"; };
		56773CDE230ED7EB00FDCAF8 /* ar */ = {isa = PBXFileReference; lastKnownFileType = text.plist.strings; name = ar; path = ar.lproj/Main.strings; sourceTree = "<group>"; };
		56773CDF230ED7EB00FDCAF8 /* ar */ = {isa = PBXFileReference; lastKnownFileType = text.plist.strings; name = ar; path = ar.lproj/LaunchScreen.strings; sourceTree = "<group>"; };
		56889C8B231826E300A1AD13 /* dataServices.swift */ = {isa = PBXFileReference; lastKnownFileType = sourcecode.swift; path = dataServices.swift; sourceTree = "<group>"; };
		56889C8E23199C9500A1AD13 /* Data.swift */ = {isa = PBXFileReference; fileEncoding = 4; lastKnownFileType = sourcecode.swift; path = Data.swift; sourceTree = "<group>"; };
		56889C8F23199C9600A1AD13 /* RegisterDataModel.swift */ = {isa = PBXFileReference; fileEncoding = 4; lastKnownFileType = sourcecode.swift; path = RegisterDataModel.swift; sourceTree = "<group>"; };
		56889C922319A04600A1AD13 /* Constants.swift */ = {isa = PBXFileReference; lastKnownFileType = sourcecode.swift; path = Constants.swift; sourceTree = "<group>"; };
		56889C942319A4BA00A1AD13 /* MenuTableViewVC.swift */ = {isa = PBXFileReference; lastKnownFileType = sourcecode.swift; path = MenuTableViewVC.swift; sourceTree = "<group>"; };
		56889C962319A51700A1AD13 /* MenuCell.swift */ = {isa = PBXFileReference; lastKnownFileType = sourcecode.swift; path = MenuCell.swift; sourceTree = "<group>"; };
		5689597B2312C83E00CA9133 /* UserData.swift */ = {isa = PBXFileReference; fileEncoding = 4; lastKnownFileType = sourcecode.swift; path = UserData.swift; sourceTree = "<group>"; };
		5689597C2312C83E00CA9133 /* networkRes.swift */ = {isa = PBXFileReference; fileEncoding = 4; lastKnownFileType = sourcecode.swift; path = networkRes.swift; sourceTree = "<group>"; };
		5689597F2312D8B000CA9133 /* loginPageVC.swift */ = {isa = PBXFileReference; lastKnownFileType = sourcecode.swift; path = loginPageVC.swift; sourceTree = "<group>"; };
		569190DC230C13A100AEF138 /* customTextField.swift */ = {isa = PBXFileReference; lastKnownFileType = sourcecode.swift; path = customTextField.swift; sourceTree = "<group>"; };
		569190DE230C161700AEF138 /* customButton.swift */ = {isa = PBXFileReference; lastKnownFileType = sourcecode.swift; path = customButton.swift; sourceTree = "<group>"; };
		569190E0230C3CCC00AEF138 /* signUpVC.swift */ = {isa = PBXFileReference; lastKnownFileType = sourcecode.swift; path = signUpVC.swift; sourceTree = "<group>"; };
		569190E2230C3D0600AEF138 /* normalUserSignUpVC.swift */ = {isa = PBXFileReference; lastKnownFileType = sourcecode.swift; path = normalUserSignUpVC.swift; sourceTree = "<group>"; };
		569190E4230C3D4B00AEF138 /* delivaryUserSignUpVC.swift */ = {isa = PBXFileReference; lastKnownFileType = sourcecode.swift; path = delivaryUserSignUpVC.swift; sourceTree = "<group>"; };
		569190E6230C3D7300AEF138 /* companyOwnerSignUpVC.swift */ = {isa = PBXFileReference; lastKnownFileType = sourcecode.swift; path = companyOwnerSignUpVC.swift; sourceTree = "<group>"; };
		56945E68232FD2E5003A3C1D /* tfaselEstrahaVC.swift */ = {isa = PBXFileReference; lastKnownFileType = sourcecode.swift; path = tfaselEstrahaVC.swift; sourceTree = "<group>"; };
		56945E6A232FD50C003A3C1D /* customView.swift */ = {isa = PBXFileReference; lastKnownFileType = sourcecode.swift; path = customView.swift; sourceTree = "<group>"; };
		56945E6C232FDB98003A3C1D /* khdmatMadfo3aCell.swift */ = {isa = PBXFileReference; lastKnownFileType = sourcecode.swift; path = khdmatMadfo3aCell.swift; sourceTree = "<group>"; };
		56B64AA4230EDA8D005E84BF /* STC-Bold.ttf */ = {isa = PBXFileReference; lastKnownFileType = file; path = "STC-Bold.ttf"; sourceTree = "<group>"; };
		56B64AA5230EDA8D005E84BF /* STC-Regular.ttf */ = {isa = PBXFileReference; lastKnownFileType = file; path = "STC-Regular.ttf"; sourceTree = "<group>"; };
		56B64AA9230F00D0005E84BF /* customSearchBar.swift */ = {isa = PBXFileReference; lastKnownFileType = sourcecode.swift; path = customSearchBar.swift; sourceTree = "<group>"; };
		56B64AAB230F0F4E005E84BF /* forgetPasswordVC.swift */ = {isa = PBXFileReference; lastKnownFileType = sourcecode.swift; path = forgetPasswordVC.swift; sourceTree = "<group>"; };
		56BB63F0232564D7002D9A5D /* dateVC.swift */ = {isa = PBXFileReference; lastKnownFileType = sourcecode.swift; path = dateVC.swift; sourceTree = "<group>"; };
		56C0DB17234CEF5700D43AEF /* btakatyWMkafatyVC.swift */ = {isa = PBXFileReference; lastKnownFileType = sourcecode.swift; path = btakatyWMkafatyVC.swift; sourceTree = "<group>"; };
		56C0DB19234CEF9F00D43AEF /* btakaDetailsVC.swift */ = {isa = PBXFileReference; lastKnownFileType = sourcecode.swift; path = btakaDetailsVC.swift; sourceTree = "<group>"; };
		56C0DB1C234CF3FC00D43AEF /* estrga3WEstbdalVC.swift */ = {isa = PBXFileReference; lastKnownFileType = sourcecode.swift; path = estrga3WEstbdalVC.swift; sourceTree = "<group>"; };
		56C0DB1F234CF59400D43AEF /* shkaywWEktra7atVC.swift */ = {isa = PBXFileReference; lastKnownFileType = sourcecode.swift; path = shkaywWEktra7atVC.swift; sourceTree = "<group>"; };
		56C0DB22234CF78400D43AEF /* aboutApplicationVC.swift */ = {isa = PBXFileReference; lastKnownFileType = sourcecode.swift; path = aboutApplicationVC.swift; sourceTree = "<group>"; };
		56C0DB24234CF7DD00D43AEF /* whoAreTsaheelVC.swift */ = {isa = PBXFileReference; lastKnownFileType = sourcecode.swift; path = whoAreTsaheelVC.swift; sourceTree = "<group>"; };
		56C0DB26234CF82400D43AEF /* rateTsaheelVC.swift */ = {isa = PBXFileReference; lastKnownFileType = sourcecode.swift; path = rateTsaheelVC.swift; sourceTree = "<group>"; };
		56C0DB28234CF85C00D43AEF /* privicyAndUseVC.swift */ = {isa = PBXFileReference; lastKnownFileType = sourcecode.swift; path = privicyAndUseVC.swift; sourceTree = "<group>"; };
		56C0DB2A234CF89900D43AEF /* documentationVC.swift */ = {isa = PBXFileReference; lastKnownFileType = sourcecode.swift; path = documentationVC.swift; sourceTree = "<group>"; };
		56C0DB2C234CF8C700D43AEF /* callUsVC.swift */ = {isa = PBXFileReference; lastKnownFileType = sourcecode.swift; path = callUsVC.swift; sourceTree = "<group>"; };
		56CC93FD23293833007B7E10 /* estrahaSB.storyboard */ = {isa = PBXFileReference; lastKnownFileType = file.storyboard; path = estrahaSB.storyboard; sourceTree = "<group>"; };
		56CC93FF232938F4007B7E10 /* WalemaSB.storyboard */ = {isa = PBXFileReference; lastKnownFileType = file.storyboard; path = WalemaSB.storyboard; sourceTree = "<group>"; };
		56CC94012329392A007B7E10 /* DyafaSB.storyboard */ = {isa = PBXFileReference; lastKnownFileType = file.storyboard; path = DyafaSB.storyboard; sourceTree = "<group>"; };
		56CC940323293951007B7E10 /* KwshWTawlat.storyboard */ = {isa = PBXFileReference; lastKnownFileType = file.storyboard; path = KwshWTawlat.storyboard; sourceTree = "<group>"; };
		56CC940623293ACE007B7E10 /* EstrahatListVC.swift */ = {isa = PBXFileReference; lastKnownFileType = sourcecode.swift; path = EstrahatListVC.swift; sourceTree = "<group>"; };
		56CC940823293E8B007B7E10 /* EstrahatcutomCell.swift */ = {isa = PBXFileReference; lastKnownFileType = sourcecode.swift; path = EstrahatcutomCell.swift; sourceTree = "<group>"; };
		56CC940B23294901007B7E10 /* DateForWalemaVC.swift */ = {isa = PBXFileReference; lastKnownFileType = sourcecode.swift; path = DateForWalemaVC.swift; sourceTree = "<group>"; };
		56CC940D23295FB3007B7E10 /* mtabekhListVC.swift */ = {isa = PBXFileReference; lastKnownFileType = sourcecode.swift; path = mtabekhListVC.swift; sourceTree = "<group>"; };
		56CC940F23295FE2007B7E10 /* WalemaCutomCell.swift */ = {isa = PBXFileReference; lastKnownFileType = sourcecode.swift; path = WalemaCutomCell.swift; sourceTree = "<group>"; };
		56D6057A234A4C50008664DD /* FatoraOfEstraha.swift */ = {isa = PBXFileReference; lastKnownFileType = sourcecode.swift; path = FatoraOfEstraha.swift; sourceTree = "<group>"; };
		56E734AA230AC12E0062C929 /* tsaheel.app */ = {isa = PBXFileReference; explicitFileType = wrapper.application; includeInIndex = 0; path = tsaheel.app; sourceTree = BUILT_PRODUCTS_DIR; };
		56E734AD230AC12E0062C929 /* AppDelegate.swift */ = {isa = PBXFileReference; lastKnownFileType = sourcecode.swift; path = AppDelegate.swift; sourceTree = "<group>"; };
		56E734B2230AC12F0062C929 /* Base */ = {isa = PBXFileReference; lastKnownFileType = file.storyboard; name = Base; path = Base.lproj/Main.storyboard; sourceTree = "<group>"; };
		56E734B4230AC1300062C929 /* Assets.xcassets */ = {isa = PBXFileReference; lastKnownFileType = folder.assetcatalog; path = Assets.xcassets; sourceTree = "<group>"; };
		56E734B7230AC1300062C929 /* Base */ = {isa = PBXFileReference; lastKnownFileType = file.storyboard; name = Base; path = Base.lproj/LaunchScreen.storyboard; sourceTree = "<group>"; };
		56E734B9230AC1300062C929 /* Info.plist */ = {isa = PBXFileReference; lastKnownFileType = text.plist.xml; path = Info.plist; sourceTree = "<group>"; };
		56EDAAE5231D67DE00B45C91 /* ImageData.swift */ = {isa = PBXFileReference; fileEncoding = 4; lastKnownFileType = sourcecode.swift; path = ImageData.swift; sourceTree = "<group>"; };
		56EDAAE6231D67DE00B45C91 /* UploadImageModel.swift */ = {isa = PBXFileReference; fileEncoding = 4; lastKnownFileType = sourcecode.swift; path = UploadImageModel.swift; sourceTree = "<group>"; };
		56F8D6CC234CC9C60081145B /* itemDetailsVC.swift */ = {isa = PBXFileReference; lastKnownFileType = sourcecode.swift; path = itemDetailsVC.swift; sourceTree = "<group>"; };
		56F8D6CE234CCDF90081145B /* fatoraForShoppingVC.swift */ = {isa = PBXFileReference; lastKnownFileType = sourcecode.swift; path = fatoraForShoppingVC.swift; sourceTree = "<group>"; };
		56F8D6D0234CD9150081145B /* DateForShoppingFromItemsVC.swift */ = {isa = PBXFileReference; lastKnownFileType = sourcecode.swift; path = DateForShoppingFromItemsVC.swift; sourceTree = "<group>"; };
		56F8D6D2234CD9C60081145B /* ItemsListVC.swift */ = {isa = PBXFileReference; lastKnownFileType = sourcecode.swift; path = ItemsListVC.swift; sourceTree = "<group>"; };
		56F8D6D4234CDA3F0081145B /* typeOfStoredItemsVC.swift */ = {isa = PBXFileReference; lastKnownFileType = sourcecode.swift; path = typeOfStoredItemsVC.swift; sourceTree = "<group>"; };
		56F8D6D6234CDBCA0081145B /* BestPriceForSHoppingFromItemVC.swift */ = {isa = PBXFileReference; lastKnownFileType = sourcecode.swift; path = BestPriceForSHoppingFromItemVC.swift; sourceTree = "<group>"; };
		56F8D6D8234CDCA40081145B /* ShoppingCardVC.swift */ = {isa = PBXFileReference; lastKnownFileType = sourcecode.swift; path = ShoppingCardVC.swift; sourceTree = "<group>"; };
		5B419E21233FDDAC00EB55A1 /* CheckInternet.swift */ = {isa = PBXFileReference; fileEncoding = 4; lastKnownFileType = sourcecode.swift; path = CheckInternet.swift; sourceTree = "<group>"; };
		5B5EFB102332C963001DAB42 /* MaadobaOrMoratebatViewController.swift */ = {isa = PBXFileReference; lastKnownFileType = sourcecode.swift; path = MaadobaOrMoratebatViewController.swift; sourceTree = "<group>"; };
		5B5EFB122332CA00001DAB42 /* MaadobaDetailsViewController.swift */ = {isa = PBXFileReference; lastKnownFileType = sourcecode.swift; path = MaadobaDetailsViewController.swift; sourceTree = "<group>"; };
		5B5EFB142332D0B6001DAB42 /* m5abezCustomCell.swift */ = {isa = PBXFileReference; lastKnownFileType = sourcecode.swift; path = m5abezCustomCell.swift; sourceTree = "<group>"; };
		5B5EFB162332D490001DAB42 /* mrakzCustomCell.swift */ = {isa = PBXFileReference; lastKnownFileType = sourcecode.swift; path = mrakzCustomCell.swift; sourceTree = "<group>"; };
		5B678FA12334FA3100BA6658 /* EstrahaDetailsModel.swift */ = {isa = PBXFileReference; lastKnownFileType = sourcecode.swift; path = EstrahaDetailsModel.swift; sourceTree = "<group>"; };
		5B678FA32334FEE100BA6658 /* EstrahaData.swift */ = {isa = PBXFileReference; lastKnownFileType = sourcecode.swift; path = EstrahaData.swift; sourceTree = "<group>"; };
		5B678FA52335281900BA6658 /* MapViewController.swift */ = {isa = PBXFileReference; lastKnownFileType = sourcecode.swift; path = MapViewController.swift; sourceTree = "<group>"; };
		5B678FA72335283D00BA6658 /* DetailsViewController.swift */ = {isa = PBXFileReference; lastKnownFileType = sourcecode.swift; path = DetailsViewController.swift; sourceTree = "<group>"; };
		5B697045232EC7380032E6E3 /* SideMenuViewController.swift */ = {isa = PBXFileReference; fileEncoding = 4; lastKnownFileType = sourcecode.swift; path = SideMenuViewController.swift; sourceTree = "<group>"; };
		5B697047232EC8960032E6E3 /* tsaheel-Bridging-Header.h */ = {isa = PBXFileReference; lastKnownFileType = sourcecode.c.h; path = "tsaheel-Bridging-Header.h"; sourceTree = "<group>"; };
		5B697048232EC8970032E6E3 /* SWRevealViewController.m */ = {isa = PBXFileReference; fileEncoding = 4; lastKnownFileType = sourcecode.c.objc; path = SWRevealViewController.m; sourceTree = "<group>"; };
		5B697049232EC8970032E6E3 /* SWRevealViewController.h */ = {isa = PBXFileReference; fileEncoding = 4; lastKnownFileType = sourcecode.c.h; path = SWRevealViewController.h; sourceTree = "<group>"; };
		6ECEE1C7CA71A5E0E91709CE /* Pods-tsaheel.release.xcconfig */ = {isa = PBXFileReference; includeInIndex = 1; lastKnownFileType = text.xcconfig; name = "Pods-tsaheel.release.xcconfig"; path = "Target Support Files/Pods-tsaheel/Pods-tsaheel.release.xcconfig"; sourceTree = "<group>"; };
		8611DAB2617B66CD1951FC64 /* Pods_tsaheel.framework */ = {isa = PBXFileReference; explicitFileType = wrapper.framework; includeInIndex = 0; path = Pods_tsaheel.framework; sourceTree = BUILT_PRODUCTS_DIR; };
		A77AAE6C6F2928CB05067B78 /* Pods-tsaheel.debug.xcconfig */ = {isa = PBXFileReference; includeInIndex = 1; lastKnownFileType = text.xcconfig; name = "Pods-tsaheel.debug.xcconfig"; path = "Target Support Files/Pods-tsaheel/Pods-tsaheel.debug.xcconfig"; sourceTree = "<group>"; };
/* End PBXFileReference section */

/* Begin PBXFrameworksBuildPhase section */
		56E734A7230AC12E0062C929 /* Frameworks */ = {
			isa = PBXFrameworksBuildPhase;
			buildActionMask = 2147483647;
			files = (
				DCBD32501CC0398D9FD64CBC /* Pods_tsaheel.framework in Frameworks */,
			);
			runOnlyForDeploymentPostprocessing = 0;
		};
/* End PBXFrameworksBuildPhase section */

/* Begin PBXGroup section */
		560104E123499452004356B1 /* trfehkm */ = {
			isa = PBXGroup;
			children = (
				560104E22349946D004356B1 /* trfehkmVC.swift */,
			);
			path = trfehkm;
			sourceTree = "<group>";
		};
		560E38A7234BA1040036028F /* shoppingFromStores */ = {
			isa = PBXGroup;
			children = (
				560E38AA234BA1630036028F /* dateForShoppingFromStoreVC.swift */,
				560E38AC234BA6F30036028F /* storesListVC.swift */,
				560E38AE234BA8E50036028F /* storeDetailsVC.swift */,
				560E38B0234BB2700036028F /* typeOfStoreListVC.swift */,
				560E38B2234BB7010036028F /* categoryListVC.swift */,
				56F8D6CC234CC9C60081145B /* itemDetailsVC.swift */,
				56F8D6CE234CCDF90081145B /* fatoraForShoppingVC.swift */,
			);
			path = shoppingFromStores;
			sourceTree = "<group>";
		};
		560E38A8234BA1190036028F /* shoppingFromItems */ = {
			isa = PBXGroup;
			children = (
				56F8D6D0234CD9150081145B /* DateForShoppingFromItemsVC.swift */,
				56F8D6D2234CD9C60081145B /* ItemsListVC.swift */,
				56F8D6D4234CDA3F0081145B /* typeOfStoredItemsVC.swift */,
				56F8D6D6234CDBCA0081145B /* BestPriceForSHoppingFromItemVC.swift */,
			);
			path = shoppingFromItems;
			sourceTree = "<group>";
		};
		560E38A9234BA1320036028F /* shoppingFromSahlApp */ = {
			isa = PBXGroup;
			children = (
			);
			path = shoppingFromSahlApp;
			sourceTree = "<group>";
		};
		564BE6772347A03B00A75A76 /* mo2nkm */ = {
			isa = PBXGroup;
			children = (
				564BE67A2347A1B900A75A76 /* Mo2nkmVC.swift */,
				56F8D6D8234CDCA40081145B /* ShoppingCardVC.swift */,
				560E38A7234BA1040036028F /* shoppingFromStores */,
				560E38A8234BA1190036028F /* shoppingFromItems */,
				560E38A9234BA1320036028F /* shoppingFromSahlApp */,
			);
			path = mo2nkm;
			sourceTree = "<group>";
		};
		564BE6782347A18100A75A76 /* m4tryaty */ = {
			isa = PBXGroup;
			children = (
				564BE67C2347A1D000A75A76 /* M4traytyListVC.swift */,
			);
			path = m4tryaty;
			sourceTree = "<group>";
		};
		564BE6792347A18C00A75A76 /* Setting */ = {
			isa = PBXGroup;
			children = (
				564BE67E2347A1EA00A75A76 /* SettingVC.swift */,
			);
			path = Setting;
			sourceTree = "<group>";
		};
		565F068D232BF3F5008DAB98 /* Dyafa */ = {
			isa = PBXGroup;
			children = (
				565F068E232BF411008DAB98 /* DateForDyafaVC.swift */,
				565F0690232BF44B008DAB98 /* mrakzListVC.swift */,
				565F0696232BF579008DAB98 /* fatoraForDyafaVC.swift */,
			);
			path = Dyafa;
			sourceTree = "<group>";
		};
		565F0698232BF64C008DAB98 /* Kwsh W Tawlat */ = {
			isa = PBXGroup;
			children = (
				565F0699232BF684008DAB98 /* DateForKwshAndTaelatVC.swift */,
				565F069B232BF6D6008DAB98 /* KwshWTawlatListVC.swift */,
				565F069F232BF8C0008DAB98 /* kwshShapesVC.swift */,
				565F06A1232BF8FD008DAB98 /* tawlatShapesVC.swift */,
			);
			path = "Kwsh W Tawlat";
			sourceTree = "<group>";
		};
		56738E162314318D00201DA9 /* API */ = {
			isa = PBXGroup;
			children = (
				56738E19231431F700201DA9 /* api.swift */,
			);
			path = API;
			sourceTree = "<group>";
		};
		56738E1B2314334E00201DA9 /* Extentions */ = {
			isa = PBXGroup;
			children = (
				56738E1C2314336900201DA9 /* trimmedString.swift */,
			);
			path = Extentions;
			sourceTree = "<group>";
		};
		56738E1E2314353000201DA9 /* ConfigFiles */ = {
			isa = PBXGroup;
			children = (
				5B419E21233FDDAC00EB55A1 /* CheckInternet.swift */,
				56738E1F2314354D00201DA9 /* URLs.swift */,
				56738E2123143E1600201DA9 /* helper.swift */,
				56889C922319A04600A1AD13 /* Constants.swift */,
			);
			path = ConfigFiles;
			sourceTree = "<group>";
		};
		56889C8A231826C600A1AD13 /* data Services */ = {
			isa = PBXGroup;
			children = (
				56889C8B231826E300A1AD13 /* dataServices.swift */,
			);
			path = "data Services";
			sourceTree = "<group>";
		};
		56889C8D23199C4E00A1AD13 /* RegisterDataModel */ = {
			isa = PBXGroup;
			children = (
				56889C8E23199C9500A1AD13 /* Data.swift */,
				56889C8F23199C9600A1AD13 /* RegisterDataModel.swift */,
			);
			path = RegisterDataModel;
			sourceTree = "<group>";
		};
		56B64AA8230EDA92005E84BF /* Fonts */ = {
			isa = PBXGroup;
			children = (
				56B64AA4230EDA8D005E84BF /* STC-Bold.ttf */,
				56B64AA5230EDA8D005E84BF /* STC-Regular.ttf */,
			);
			path = Fonts;
			sourceTree = "<group>";
		};
		56BB63F2232570CD002D9A5D /* auth */ = {
			isa = PBXGroup;
			children = (
				561E87A023158505000C243F /* editNormalUserVC.swift */,
				5689597F2312D8B000CA9133 /* loginPageVC.swift */,
				569190E0230C3CCC00AEF138 /* signUpVC.swift */,
				569190E2230C3D0600AEF138 /* normalUserSignUpVC.swift */,
				569190E4230C3D4B00AEF138 /* delivaryUserSignUpVC.swift */,
				569190E6230C3D7300AEF138 /* companyOwnerSignUpVC.swift */,
				56B64AAB230F0F4E005E84BF /* forgetPasswordVC.swift */,
				561E87A22315851A000C243F /* editDelivaryUserVC.swift */,
				561E87A423158532000C243F /* editCompanyUser.swift */,
			);
			path = auth;
			sourceTree = "<group>";
		};
		56BB63F3232570EA002D9A5D /* others */ = {
			isa = PBXGroup;
			children = (
				561E879E231577F1000C243F /* imgPicker.swift */,
			);
			path = others;
			sourceTree = "<group>";
		};
		56BB63F423257119002D9A5D /* afrakm */ = {
			isa = PBXGroup;
			children = (
				562619D9232004770006FB58 /* afrahkmVC.swift */,
				56CC940523293A55007B7E10 /* Estrahat */,
				56CC940A232948E0007B7E10 /* Walema */,
				565F068D232BF3F5008DAB98 /* Dyafa */,
				565F0698232BF64C008DAB98 /* Kwsh W Tawlat */,
			);
			path = afrakm;
			sourceTree = "<group>";
		};
		56BB63F52325712E002D9A5D /* main */ = {
			isa = PBXGroup;
			children = (
				56773CD4230EBAD100FDCAF8 /* HomePageVC.swift */,
				56889C942319A4BA00A1AD13 /* MenuTableViewVC.swift */,
				5B697045232EC7380032E6E3 /* SideMenuViewController.swift */,
			);
			path = main;
			sourceTree = "<group>";
		};
		56C0DB16234CEF2C00D43AEF /* btakatyWMkafaty */ = {
			isa = PBXGroup;
			children = (
				56C0DB17234CEF5700D43AEF /* btakatyWMkafatyVC.swift */,
				56C0DB19234CEF9F00D43AEF /* btakaDetailsVC.swift */,
			);
			path = btakatyWMkafaty;
			sourceTree = "<group>";
		};
		56C0DB1B234CF3DB00D43AEF /* estrga3WEstbdal */ = {
			isa = PBXGroup;
			children = (
				56C0DB1C234CF3FC00D43AEF /* estrga3WEstbdalVC.swift */,
			);
			path = estrga3WEstbdal;
			sourceTree = "<group>";
		};
		56C0DB1E234CF57000D43AEF /* shkaywWEktra7at */ = {
			isa = PBXGroup;
			children = (
				56C0DB1F234CF59400D43AEF /* shkaywWEktra7atVC.swift */,
			);
			path = shkaywWEktra7at;
			sourceTree = "<group>";
		};
		56C0DB21234CF76000D43AEF /* aboutApplication */ = {
			isa = PBXGroup;
			children = (
				56C0DB22234CF78400D43AEF /* aboutApplicationVC.swift */,
				56C0DB24234CF7DD00D43AEF /* whoAreTsaheelVC.swift */,
				56C0DB26234CF82400D43AEF /* rateTsaheelVC.swift */,
				56C0DB28234CF85C00D43AEF /* privicyAndUseVC.swift */,
				56C0DB2A234CF89900D43AEF /* documentationVC.swift */,
				56C0DB2C234CF8C700D43AEF /* callUsVC.swift */,
			);
			path = aboutApplication;
			sourceTree = "<group>";
		};
		56CC940523293A55007B7E10 /* Estrahat */ = {
			isa = PBXGroup;
			children = (
				56BB63F0232564D7002D9A5D /* dateVC.swift */,
				56CC940623293ACE007B7E10 /* EstrahatListVC.swift */,
				56945E68232FD2E5003A3C1D /* tfaselEstrahaVC.swift */,
				5B678FA52335281900BA6658 /* MapViewController.swift */,
				5B678FA72335283D00BA6658 /* DetailsViewController.swift */,
				56D6057A234A4C50008664DD /* FatoraOfEstraha.swift */,
				560E389F234B99710036028F /* confirmFatoraOfEstrahaVC.swift */,
				560E38A1234B9A210036028F /* typeOfMoneyVC.swift */,
				560E38A3234B9F550036028F /* confirmPaymentDetailsVC.swift */,
				560E38A5234B9F7E0036028F /* donePaymentVC.swift */,
			);
			path = Estrahat;
			sourceTree = "<group>";
		};
		56CC940A232948E0007B7E10 /* Walema */ = {
			isa = PBXGroup;
			children = (
				56CC940B23294901007B7E10 /* DateForWalemaVC.swift */,
				56CC940D23295FB3007B7E10 /* mtabekhListVC.swift */,
				565F0689232A9C5F008DAB98 /* fatortElmadbaVC.swift */,
				565F068B232A9D85008DAB98 /* m5abezListVC.swift */,
				565F0692232BF4A3008DAB98 /* fatoraForMrtbatVC.swift */,
				5B5EFB102332C963001DAB42 /* MaadobaOrMoratebatViewController.swift */,
				5B5EFB122332CA00001DAB42 /* MaadobaDetailsViewController.swift */,
			);
			path = Walema;
			sourceTree = "<group>";
		};
		56E734A1230AC12E0062C929 = {
			isa = PBXGroup;
			children = (
				5B697040232EC6760032E6E3 /* SWRevealSideMenu */,
				56889C8A231826C600A1AD13 /* data Services */,
				56738E1E2314353000201DA9 /* ConfigFiles */,
				56738E1B2314334E00201DA9 /* Extentions */,
				56738E162314318D00201DA9 /* API */,
				56E734AC230AC12E0062C929 /* tsaheel */,
				56E734AB230AC12E0062C929 /* Products */,
				5FC8A03977DE235F1418DCD6 /* Pods */,
				8C1D35498569222D42AD473C /* Frameworks */,
			);
			sourceTree = "<group>";
		};
		56E734AB230AC12E0062C929 /* Products */ = {
			isa = PBXGroup;
			children = (
				56E734AA230AC12E0062C929 /* tsaheel.app */,
			);
			name = Products;
			sourceTree = "<group>";
		};
		56E734AC230AC12E0062C929 /* tsaheel */ = {
			isa = PBXGroup;
			children = (
				56B64AA8230EDA92005E84BF /* Fonts */,
				56E734BF230B06760062C929 /* Views */,
				56E734C1230B06880062C929 /* Model */,
				56E734C0230B067F0062C929 /* Controller */,
				56E734AD230AC12E0062C929 /* AppDelegate.swift */,
				56E734B1230AC12F0062C929 /* Main.storyboard */,
				56CC93FD23293833007B7E10 /* estrahaSB.storyboard */,
				56CC93FF232938F4007B7E10 /* WalemaSB.storyboard */,
				56CC94012329392A007B7E10 /* DyafaSB.storyboard */,
				56CC940323293951007B7E10 /* KwshWTawlat.storyboard */,
				563A12352348E11D008F92C6 /* shoppingFromStores.storyboard */,
				563A12372348E178008F92C6 /* shoppingFromItems.storyboard */,
				563A12392348E1BA008F92C6 /* shoppingFromSAHLApp.storyboard */,
				560104E42349949A004356B1 /* trfehkm.storyboard */,
				56E734B4230AC1300062C929 /* Assets.xcassets */,
				56E734B6230AC1300062C929 /* LaunchScreen.storyboard */,
				56E734B9230AC1300062C929 /* Info.plist */,
			);
			path = tsaheel;
			sourceTree = "<group>";
		};
		56E734BF230B06760062C929 /* Views */ = {
			isa = PBXGroup;
			children = (
				56773CD6230EBB1500FDCAF8 /* homePageCell.swift */,
				569190DC230C13A100AEF138 /* customTextField.swift */,
				569190DE230C161700AEF138 /* customButton.swift */,
				56B64AA9230F00D0005E84BF /* customSearchBar.swift */,
				56889C962319A51700A1AD13 /* MenuCell.swift */,
				56CC940823293E8B007B7E10 /* EstrahatcutomCell.swift */,
				56CC940F23295FE2007B7E10 /* WalemaCutomCell.swift */,
				565F069D232BF880008DAB98 /* kwshWTawlatCustomCell.swift */,
				56945E6A232FD50C003A3C1D /* customView.swift */,
				56945E6C232FDB98003A3C1D /* khdmatMadfo3aCell.swift */,
				5B5EFB142332D0B6001DAB42 /* m5abezCustomCell.swift */,
				5B5EFB162332D490001DAB42 /* mrakzCustomCell.swift */,
				563A123B23499123008F92C6 /* m4tryatyCustomCell.swift */,
			);
			path = Views;
			sourceTree = "<group>";
		};
		56E734C0230B067F0062C929 /* Controller */ = {
			isa = PBXGroup;
			children = (
				56C0DB21234CF76000D43AEF /* aboutApplication */,
				56BB63F52325712E002D9A5D /* main */,
				56BB63F423257119002D9A5D /* afrakm */,
				564BE6772347A03B00A75A76 /* mo2nkm */,
				564BE6782347A18100A75A76 /* m4tryaty */,
				560104E123499452004356B1 /* trfehkm */,
				56C0DB16234CEF2C00D43AEF /* btakatyWMkafaty */,
				564BE6792347A18C00A75A76 /* Setting */,
				56C0DB1B234CF3DB00D43AEF /* estrga3WEstbdal */,
				56C0DB1E234CF57000D43AEF /* shkaywWEktra7at */,
				56BB63F3232570EA002D9A5D /* others */,
				56BB63F2232570CD002D9A5D /* auth */,
			);
			path = Controller;
			sourceTree = "<group>";
		};
		56E734C1230B06880062C929 /* Model */ = {
			isa = PBXGroup;
			children = (
				5B678FA02334FA1400BA6658 /* EstrahaModel */,
				56EDAAE4231D67C200B45C91 /* UploadImageModel */,
				56889C8D23199C4E00A1AD13 /* RegisterDataModel */,
				56773CDA230EBD9700FDCAF8 /* HomePageModel.swift */,
				5689597B2312C83E00CA9133 /* UserData.swift */,
				5689597C2312C83E00CA9133 /* networkRes.swift */,
			);
			path = Model;
			sourceTree = "<group>";
		};
		56EDAAE4231D67C200B45C91 /* UploadImageModel */ = {
			isa = PBXGroup;
			children = (
				56EDAAE5231D67DE00B45C91 /* ImageData.swift */,
				56EDAAE6231D67DE00B45C91 /* UploadImageModel.swift */,
			);
			path = UploadImageModel;
			sourceTree = "<group>";
		};
		5B678FA02334FA1400BA6658 /* EstrahaModel */ = {
			isa = PBXGroup;
			children = (
				5B678FA12334FA3100BA6658 /* EstrahaDetailsModel.swift */,
				5B678FA32334FEE100BA6658 /* EstrahaData.swift */,
			);
			path = EstrahaModel;
			sourceTree = "<group>";
		};
		5B697040232EC6760032E6E3 /* SWRevealSideMenu */ = {
			isa = PBXGroup;
			children = (
				5B697049232EC8970032E6E3 /* SWRevealViewController.h */,
				5B697048232EC8970032E6E3 /* SWRevealViewController.m */,
				5B697047232EC8960032E6E3 /* tsaheel-Bridging-Header.h */,
			);
			path = SWRevealSideMenu;
			sourceTree = "<group>";
		};
		5FC8A03977DE235F1418DCD6 /* Pods */ = {
			isa = PBXGroup;
			children = (
				A77AAE6C6F2928CB05067B78 /* Pods-tsaheel.debug.xcconfig */,
				6ECEE1C7CA71A5E0E91709CE /* Pods-tsaheel.release.xcconfig */,
			);
			path = Pods;
			sourceTree = "<group>";
		};
		8C1D35498569222D42AD473C /* Frameworks */ = {
			isa = PBXGroup;
			children = (
				8611DAB2617B66CD1951FC64 /* Pods_tsaheel.framework */,
			);
			name = Frameworks;
			sourceTree = "<group>";
		};
/* End PBXGroup section */

/* Begin PBXNativeTarget section */
		56E734A9230AC12E0062C929 /* tsaheel */ = {
			isa = PBXNativeTarget;
			buildConfigurationList = 56E734BC230AC1300062C929 /* Build configuration list for PBXNativeTarget "tsaheel" */;
			buildPhases = (
				E0492666E78523224D35981D /* [CP] Check Pods Manifest.lock */,
				56E734A6230AC12E0062C929 /* Sources */,
				56E734A7230AC12E0062C929 /* Frameworks */,
				56E734A8230AC12E0062C929 /* Resources */,
				8D01804AF8F5BC8DA5E018CC /* [CP] Embed Pods Frameworks */,
				7093F1DF5816EDA415A1AA94 /* [CP] Copy Pods Resources */,
			);
			buildRules = (
			);
			dependencies = (
			);
			name = tsaheel;
			productName = tsaheel;
			productReference = 56E734AA230AC12E0062C929 /* tsaheel.app */;
			productType = "com.apple.product-type.application";
		};
/* End PBXNativeTarget section */

/* Begin PBXProject section */
		56E734A2230AC12E0062C929 /* Project object */ = {
			isa = PBXProject;
			attributes = {
				LastSwiftUpdateCheck = 1000;
				LastUpgradeCheck = 1000;
				ORGANIZATIONNAME = "com.Islam Swira";
				TargetAttributes = {
					56E734A9230AC12E0062C929 = {
						CreatedOnToolsVersion = 10.0;
						LastSwiftMigration = 1020;
					};
				};
			};
			buildConfigurationList = 56E734A5230AC12E0062C929 /* Build configuration list for PBXProject "tsaheel" */;
			compatibilityVersion = "Xcode 9.3";
			developmentRegion = en;
			hasScannedForEncodings = 0;
			knownRegions = (
				en,
				Base,
				ar,
			);
			mainGroup = 56E734A1230AC12E0062C929;
			productRefGroup = 56E734AB230AC12E0062C929 /* Products */;
			projectDirPath = "";
			projectRoot = "";
			targets = (
				56E734A9230AC12E0062C929 /* tsaheel */,
			);
		};
/* End PBXProject section */

/* Begin PBXResourcesBuildPhase section */
		56E734A8230AC12E0062C929 /* Resources */ = {
			isa = PBXResourcesBuildPhase;
			buildActionMask = 2147483647;
			files = (
				56CC93FE23293833007B7E10 /* estrahaSB.storyboard in Resources */,
				56CC9400232938F4007B7E10 /* WalemaSB.storyboard in Resources */,
				563A123A2348E1BA008F92C6 /* shoppingFromSAHLApp.storyboard in Resources */,
				56B64AA6230EDA8D005E84BF /* STC-Bold.ttf in Resources */,
				560104E52349949A004356B1 /* trfehkm.storyboard in Resources */,
				56CC94022329392A007B7E10 /* DyafaSB.storyboard in Resources */,
				563A12362348E11D008F92C6 /* shoppingFromStores.storyboard in Resources */,
				563A12382348E178008F92C6 /* shoppingFromItems.storyboard in Resources */,
				56B64AA7230EDA8D005E84BF /* STC-Regular.ttf in Resources */,
				56CC940423293951007B7E10 /* KwshWTawlat.storyboard in Resources */,
				56E734B8230AC1300062C929 /* LaunchScreen.storyboard in Resources */,
				56E734B5230AC1300062C929 /* Assets.xcassets in Resources */,
				56E734B3230AC12F0062C929 /* Main.storyboard in Resources */,
			);
			runOnlyForDeploymentPostprocessing = 0;
		};
/* End PBXResourcesBuildPhase section */

/* Begin PBXShellScriptBuildPhase section */
		7093F1DF5816EDA415A1AA94 /* [CP] Copy Pods Resources */ = {
			isa = PBXShellScriptBuildPhase;
			buildActionMask = 2147483647;
			files = (
			);
			inputFileListPaths = (
				"${PODS_ROOT}/Target Support Files/Pods-tsaheel/Pods-tsaheel-resources-${CONFIGURATION}-input-files.xcfilelist",
			);
			name = "[CP] Copy Pods Resources";
			outputFileListPaths = (
				"${PODS_ROOT}/Target Support Files/Pods-tsaheel/Pods-tsaheel-resources-${CONFIGURATION}-output-files.xcfilelist",
			);
			runOnlyForDeploymentPostprocessing = 0;
			shellPath = /bin/sh;
			shellScript = "\"${PODS_ROOT}/Target Support Files/Pods-tsaheel/Pods-tsaheel-resources.sh\"\n";
			showEnvVarsInLog = 0;
		};
		8D01804AF8F5BC8DA5E018CC /* [CP] Embed Pods Frameworks */ = {
			isa = PBXShellScriptBuildPhase;
			buildActionMask = 2147483647;
			files = (
			);
			inputFileListPaths = (
				"${PODS_ROOT}/Target Support Files/Pods-tsaheel/Pods-tsaheel-frameworks-${CONFIGURATION}-input-files.xcfilelist",
			);
			name = "[CP] Embed Pods Frameworks";
			outputFileListPaths = (
				"${PODS_ROOT}/Target Support Files/Pods-tsaheel/Pods-tsaheel-frameworks-${CONFIGURATION}-output-files.xcfilelist",
			);
			runOnlyForDeploymentPostprocessing = 0;
			shellPath = /bin/sh;
			shellScript = "\"${PODS_ROOT}/Target Support Files/Pods-tsaheel/Pods-tsaheel-frameworks.sh\"\n";
			showEnvVarsInLog = 0;
		};
		E0492666E78523224D35981D /* [CP] Check Pods Manifest.lock */ = {
			isa = PBXShellScriptBuildPhase;
			buildActionMask = 2147483647;
			files = (
			);
			inputFileListPaths = (
			);
			inputPaths = (
				"${PODS_PODFILE_DIR_PATH}/Podfile.lock",
				"${PODS_ROOT}/Manifest.lock",
			);
			name = "[CP] Check Pods Manifest.lock";
			outputFileListPaths = (
			);
			outputPaths = (
				"$(DERIVED_FILE_DIR)/Pods-tsaheel-checkManifestLockResult.txt",
			);
			runOnlyForDeploymentPostprocessing = 0;
			shellPath = /bin/sh;
			shellScript = "diff \"${PODS_PODFILE_DIR_PATH}/Podfile.lock\" \"${PODS_ROOT}/Manifest.lock\" > /dev/null\nif [ $? != 0 ] ; then\n    # print error to STDERR\n    echo \"error: The sandbox is not in sync with the Podfile.lock. Run 'pod install' or update your CocoaPods installation.\" >&2\n    exit 1\nfi\n# This output is used by Xcode 'outputs' to avoid re-running this script phase.\necho \"SUCCESS\" > \"${SCRIPT_OUTPUT_FILE_0}\"\n";
			showEnvVarsInLog = 0;
		};
/* End PBXShellScriptBuildPhase section */

/* Begin PBXSourcesBuildPhase section */
		56E734A6230AC12E0062C929 /* Sources */ = {
			isa = PBXSourcesBuildPhase;
			buildActionMask = 2147483647;
			files = (
				56F8D6D1234CD9150081145B /* DateForShoppingFromItemsVC.swift in Sources */,
				56BB63F1232564D7002D9A5D /* dateVC.swift in Sources */,
				56CC940C23294901007B7E10 /* DateForWalemaVC.swift in Sources */,
				569190DF230C161700AEF138 /* customButton.swift in Sources */,
				560E38A4234B9F550036028F /* confirmPaymentDetailsVC.swift in Sources */,
				560E38B3234BB7010036028F /* categoryListVC.swift in Sources */,
				56D6057B234A4C50008664DD /* FatoraOfEstraha.swift in Sources */,
				560E38AD234BA6F30036028F /* storesListVC.swift in Sources */,
				565F06A0232BF8C0008DAB98 /* kwshShapesVC.swift in Sources */,
				56738E202314354D00201DA9 /* URLs.swift in Sources */,
				56C0DB20234CF59400D43AEF /* shkaywWEktra7atVC.swift in Sources */,
				56CC940E23295FB3007B7E10 /* mtabekhListVC.swift in Sources */,
				5B678FA42334FEE100BA6658 /* EstrahaData.swift in Sources */,
				569190E3230C3D0600AEF138 /* normalUserSignUpVC.swift in Sources */,
				565F069A232BF684008DAB98 /* DateForKwshAndTaelatVC.swift in Sources */,
				56B64AAC230F0F4E005E84BF /* forgetPasswordVC.swift in Sources */,
				56CC941023295FE2007B7E10 /* WalemaCutomCell.swift in Sources */,
				56C0DB18234CEF5700D43AEF /* btakatyWMkafatyVC.swift in Sources */,
				5B678FA82335283D00BA6658 /* DetailsViewController.swift in Sources */,
				560104E32349946D004356B1 /* trfehkmVC.swift in Sources */,
				560E38A0234B99710036028F /* confirmFatoraOfEstrahaVC.swift in Sources */,
				563A123C23499123008F92C6 /* m4tryatyCustomCell.swift in Sources */,
				56773CD7230EBB1500FDCAF8 /* homePageCell.swift in Sources */,
				565F068A232A9C5F008DAB98 /* fatortElmadbaVC.swift in Sources */,
				56EDAAE8231D67DE00B45C91 /* UploadImageModel.swift in Sources */,
				560E38B1234BB2700036028F /* typeOfStoreListVC.swift in Sources */,
				564BE67B2347A1B900A75A76 /* Mo2nkmVC.swift in Sources */,
				5B5EFB172332D490001DAB42 /* mrakzCustomCell.swift in Sources */,
				56F8D6CF234CCDF90081145B /* fatoraForShoppingVC.swift in Sources */,
				56C0DB27234CF82400D43AEF /* rateTsaheelVC.swift in Sources */,
				560E38AF234BA8E50036028F /* storeDetailsVC.swift in Sources */,
				565F069C232BF6D6008DAB98 /* KwshWTawlatListVC.swift in Sources */,
				56889C8C231826E300A1AD13 /* dataServices.swift in Sources */,
				560E38A2234B9A210036028F /* typeOfMoneyVC.swift in Sources */,
				5B697046232EC7380032E6E3 /* SideMenuViewController.swift in Sources */,
				565F06A2232BF8FD008DAB98 /* tawlatShapesVC.swift in Sources */,
				56773CDB230EBD9700FDCAF8 /* HomePageModel.swift in Sources */,
				5B419E22233FDDAC00EB55A1 /* CheckInternet.swift in Sources */,
				565F068F232BF411008DAB98 /* DateForDyafaVC.swift in Sources */,
				562619DA232004770006FB58 /* afrahkmVC.swift in Sources */,
				56738E2223143E1600201DA9 /* helper.swift in Sources */,
				564BE67D2347A1D000A75A76 /* M4traytyListVC.swift in Sources */,
				56945E69232FD2E5003A3C1D /* tfaselEstrahaVC.swift in Sources */,
				56C0DB1A234CEF9F00D43AEF /* btakaDetailsVC.swift in Sources */,
				56C0DB25234CF7DD00D43AEF /* whoAreTsaheelVC.swift in Sources */,
				565F069E232BF880008DAB98 /* kwshWTawlatCustomCell.swift in Sources */,
				56C0DB2D234CF8C700D43AEF /* callUsVC.swift in Sources */,
				569190E5230C3D4B00AEF138 /* delivaryUserSignUpVC.swift in Sources */,
				56B64AAA230F00D0005E84BF /* customSearchBar.swift in Sources */,
				56945E6D232FDB98003A3C1D /* khdmatMadfo3aCell.swift in Sources */,
				56E734AE230AC12E0062C929 /* AppDelegate.swift in Sources */,
				56889C932319A04600A1AD13 /* Constants.swift in Sources */,
				56C0DB2B234CF89900D43AEF /* documentationVC.swift in Sources */,
				56773CD5230EBAD100FDCAF8 /* HomePageVC.swift in Sources */,
				5B678FA62335281900BA6658 /* MapViewController.swift in Sources */,
				5B5EFB112332C963001DAB42 /* MaadobaOrMoratebatViewController.swift in Sources */,
				5B5EFB152332D0B6001DAB42 /* m5abezCustomCell.swift in Sources */,
				56EDAAE7231D67DE00B45C91 /* ImageData.swift in Sources */,
				561E87A523158532000C243F /* editCompanyUser.swift in Sources */,
				56F8D6D5234CDA3F0081145B /* typeOfStoredItemsVC.swift in Sources */,
				561E87A123158505000C243F /* editNormalUserVC.swift in Sources */,
				56F8D6D3234CD9C60081145B /* ItemsListVC.swift in Sources */,
				56945E6B232FD50C003A3C1D /* customView.swift in Sources */,
				56C0DB1D234CF3FC00D43AEF /* estrga3WEstbdalVC.swift in Sources */,
				5689597E2312C83E00CA9133 /* networkRes.swift in Sources */,
				568959802312D8B000CA9133 /* loginPageVC.swift in Sources */,
				561E879F231577F1000C243F /* imgPicker.swift in Sources */,
				56F8D6D7234CDBCA0081145B /* BestPriceForSHoppingFromItemVC.swift in Sources */,
				561E87A32315851A000C243F /* editDelivaryUserVC.swift in Sources */,
				569190E1230C3CCC00AEF138 /* signUpVC.swift in Sources */,
				56889C9123199C9600A1AD13 /* RegisterDataModel.swift in Sources */,
				5B678FA22334FA3100BA6658 /* EstrahaDetailsModel.swift in Sources */,
				565F0697232BF579008DAB98 /* fatoraForDyafaVC.swift in Sources */,
				560E38A6234B9F7E0036028F /* donePaymentVC.swift in Sources */,
				569190E7230C3D7300AEF138 /* companyOwnerSignUpVC.swift in Sources */,
				5B69704A232EC8970032E6E3 /* SWRevealViewController.m in Sources */,
				565F068C232A9D85008DAB98 /* m5abezListVC.swift in Sources */,
				56F8D6D9234CDCA40081145B /* ShoppingCardVC.swift in Sources */,
				56889C9023199C9600A1AD13 /* Data.swift in Sources */,
				56738E1D2314336900201DA9 /* trimmedString.swift in Sources */,
				56889C952319A4BA00A1AD13 /* MenuTableViewVC.swift in Sources */,
				5B5EFB132332CA00001DAB42 /* MaadobaDetailsViewController.swift in Sources */,
				564BE67F2347A1EA00A75A76 /* SettingVC.swift in Sources */,
				56889C972319A51700A1AD13 /* MenuCell.swift in Sources */,
				56CC940723293ACE007B7E10 /* EstrahatListVC.swift in Sources */,
				56CC940923293E8B007B7E10 /* EstrahatcutomCell.swift in Sources */,
				56F8D6CD234CC9C60081145B /* itemDetailsVC.swift in Sources */,
				560E38AB234BA1630036028F /* dateForShoppingFromStoreVC.swift in Sources */,
				569190DD230C13A100AEF138 /* customTextField.swift in Sources */,
				56738E1A231431F700201DA9 /* api.swift in Sources */,
				565F0693232BF4A3008DAB98 /* fatoraForMrtbatVC.swift in Sources */,
				56C0DB23234CF78400D43AEF /* aboutApplicationVC.swift in Sources */,
				565F0691232BF44B008DAB98 /* mrakzListVC.swift in Sources */,
				56C0DB29234CF85C00D43AEF /* privicyAndUseVC.swift in Sources */,
				5689597D2312C83E00CA9133 /* UserData.swift in Sources */,
			);
			runOnlyForDeploymentPostprocessing = 0;
		};
/* End PBXSourcesBuildPhase section */

/* Begin PBXVariantGroup section */
		56E734B1230AC12F0062C929 /* Main.storyboard */ = {
			isa = PBXVariantGroup;
			children = (
				56E734B2230AC12F0062C929 /* Base */,
				56773CDE230ED7EB00FDCAF8 /* ar */,
			);
			name = Main.storyboard;
			sourceTree = "<group>";
		};
		56E734B6230AC1300062C929 /* LaunchScreen.storyboard */ = {
			isa = PBXVariantGroup;
			children = (
				56E734B7230AC1300062C929 /* Base */,
				56773CDF230ED7EB00FDCAF8 /* ar */,
			);
			name = LaunchScreen.storyboard;
			sourceTree = "<group>";
		};
/* End PBXVariantGroup section */

/* Begin XCBuildConfiguration section */
		56E734BA230AC1300062C929 /* Debug */ = {
			isa = XCBuildConfiguration;
			buildSettings = {
				ALWAYS_SEARCH_USER_PATHS = NO;
				CLANG_ANALYZER_LOCALIZABILITY_NONLOCALIZED = YES;
				CLANG_ANALYZER_NONNULL = YES;
				CLANG_ANALYZER_NUMBER_OBJECT_CONVERSION = YES_AGGRESSIVE;
				CLANG_CXX_LANGUAGE_STANDARD = "gnu++14";
				CLANG_CXX_LIBRARY = "libc++";
				CLANG_ENABLE_MODULES = YES;
				CLANG_ENABLE_OBJC_ARC = YES;
				CLANG_ENABLE_OBJC_WEAK = YES;
				CLANG_WARN_BLOCK_CAPTURE_AUTORELEASING = YES;
				CLANG_WARN_BOOL_CONVERSION = YES;
				CLANG_WARN_COMMA = YES;
				CLANG_WARN_CONSTANT_CONVERSION = YES;
				CLANG_WARN_DEPRECATED_OBJC_IMPLEMENTATIONS = YES;
				CLANG_WARN_DIRECT_OBJC_ISA_USAGE = YES_ERROR;
				CLANG_WARN_DOCUMENTATION_COMMENTS = YES;
				CLANG_WARN_EMPTY_BODY = YES;
				CLANG_WARN_ENUM_CONVERSION = YES;
				CLANG_WARN_INFINITE_RECURSION = YES;
				CLANG_WARN_INT_CONVERSION = YES;
				CLANG_WARN_NON_LITERAL_NULL_CONVERSION = YES;
				CLANG_WARN_OBJC_IMPLICIT_RETAIN_SELF = YES;
				CLANG_WARN_OBJC_LITERAL_CONVERSION = YES;
				CLANG_WARN_OBJC_ROOT_CLASS = YES_ERROR;
				CLANG_WARN_RANGE_LOOP_ANALYSIS = YES;
				CLANG_WARN_STRICT_PROTOTYPES = YES;
				CLANG_WARN_SUSPICIOUS_MOVE = YES;
				CLANG_WARN_UNGUARDED_AVAILABILITY = YES_AGGRESSIVE;
				CLANG_WARN_UNREACHABLE_CODE = YES;
				CLANG_WARN__DUPLICATE_METHOD_MATCH = YES;
				CODE_SIGN_IDENTITY = "iPhone Developer";
				COPY_PHASE_STRIP = NO;
				DEBUG_INFORMATION_FORMAT = dwarf;
				ENABLE_STRICT_OBJC_MSGSEND = YES;
				ENABLE_TESTABILITY = YES;
				GCC_C_LANGUAGE_STANDARD = gnu11;
				GCC_DYNAMIC_NO_PIC = NO;
				GCC_NO_COMMON_BLOCKS = YES;
				GCC_OPTIMIZATION_LEVEL = 0;
				GCC_PREPROCESSOR_DEFINITIONS = (
					"DEBUG=1",
					"$(inherited)",
				);
				GCC_WARN_64_TO_32_BIT_CONVERSION = YES;
				GCC_WARN_ABOUT_RETURN_TYPE = YES_ERROR;
				GCC_WARN_UNDECLARED_SELECTOR = YES;
				GCC_WARN_UNINITIALIZED_AUTOS = YES_AGGRESSIVE;
				GCC_WARN_UNUSED_FUNCTION = YES;
				GCC_WARN_UNUSED_VARIABLE = YES;
				IPHONEOS_DEPLOYMENT_TARGET = 12.0;
				MTL_ENABLE_DEBUG_INFO = INCLUDE_SOURCE;
				MTL_FAST_MATH = YES;
				ONLY_ACTIVE_ARCH = YES;
				SDKROOT = iphoneos;
				SWIFT_ACTIVE_COMPILATION_CONDITIONS = DEBUG;
				SWIFT_OPTIMIZATION_LEVEL = "-Onone";
			};
			name = Debug;
		};
		56E734BB230AC1300062C929 /* Release */ = {
			isa = XCBuildConfiguration;
			buildSettings = {
				ALWAYS_SEARCH_USER_PATHS = NO;
				CLANG_ANALYZER_LOCALIZABILITY_NONLOCALIZED = YES;
				CLANG_ANALYZER_NONNULL = YES;
				CLANG_ANALYZER_NUMBER_OBJECT_CONVERSION = YES_AGGRESSIVE;
				CLANG_CXX_LANGUAGE_STANDARD = "gnu++14";
				CLANG_CXX_LIBRARY = "libc++";
				CLANG_ENABLE_MODULES = YES;
				CLANG_ENABLE_OBJC_ARC = YES;
				CLANG_ENABLE_OBJC_WEAK = YES;
				CLANG_WARN_BLOCK_CAPTURE_AUTORELEASING = YES;
				CLANG_WARN_BOOL_CONVERSION = YES;
				CLANG_WARN_COMMA = YES;
				CLANG_WARN_CONSTANT_CONVERSION = YES;
				CLANG_WARN_DEPRECATED_OBJC_IMPLEMENTATIONS = YES;
				CLANG_WARN_DIRECT_OBJC_ISA_USAGE = YES_ERROR;
				CLANG_WARN_DOCUMENTATION_COMMENTS = YES;
				CLANG_WARN_EMPTY_BODY = YES;
				CLANG_WARN_ENUM_CONVERSION = YES;
				CLANG_WARN_INFINITE_RECURSION = YES;
				CLANG_WARN_INT_CONVERSION = YES;
				CLANG_WARN_NON_LITERAL_NULL_CONVERSION = YES;
				CLANG_WARN_OBJC_IMPLICIT_RETAIN_SELF = YES;
				CLANG_WARN_OBJC_LITERAL_CONVERSION = YES;
				CLANG_WARN_OBJC_ROOT_CLASS = YES_ERROR;
				CLANG_WARN_RANGE_LOOP_ANALYSIS = YES;
				CLANG_WARN_STRICT_PROTOTYPES = YES;
				CLANG_WARN_SUSPICIOUS_MOVE = YES;
				CLANG_WARN_UNGUARDED_AVAILABILITY = YES_AGGRESSIVE;
				CLANG_WARN_UNREACHABLE_CODE = YES;
				CLANG_WARN__DUPLICATE_METHOD_MATCH = YES;
				CODE_SIGN_IDENTITY = "iPhone Developer";
				COPY_PHASE_STRIP = NO;
				DEBUG_INFORMATION_FORMAT = "dwarf-with-dsym";
				ENABLE_NS_ASSERTIONS = NO;
				ENABLE_STRICT_OBJC_MSGSEND = YES;
				GCC_C_LANGUAGE_STANDARD = gnu11;
				GCC_NO_COMMON_BLOCKS = YES;
				GCC_WARN_64_TO_32_BIT_CONVERSION = YES;
				GCC_WARN_ABOUT_RETURN_TYPE = YES_ERROR;
				GCC_WARN_UNDECLARED_SELECTOR = YES;
				GCC_WARN_UNINITIALIZED_AUTOS = YES_AGGRESSIVE;
				GCC_WARN_UNUSED_FUNCTION = YES;
				GCC_WARN_UNUSED_VARIABLE = YES;
				IPHONEOS_DEPLOYMENT_TARGET = 12.0;
				MTL_ENABLE_DEBUG_INFO = NO;
				MTL_FAST_MATH = YES;
				SDKROOT = iphoneos;
				SWIFT_COMPILATION_MODE = wholemodule;
				SWIFT_OPTIMIZATION_LEVEL = "-O";
				VALIDATE_PRODUCT = YES;
			};
			name = Release;
		};
		56E734BD230AC1300062C929 /* Debug */ = {
			isa = XCBuildConfiguration;
			baseConfigurationReference = A77AAE6C6F2928CB05067B78 /* Pods-tsaheel.debug.xcconfig */;
			buildSettings = {
				ASSETCATALOG_COMPILER_APPICON_NAME = AppIcon;
				CLANG_ENABLE_MODULES = YES;
				CODE_SIGN_STYLE = Automatic;
				DEVELOPMENT_TEAM = YDF5T83ATT;
				INFOPLIST_FILE = tsaheel/Info.plist;
				LD_RUNPATH_SEARCH_PATHS = (
					"$(inherited)",
					"@executable_path/Frameworks",
				);
				PRODUCT_BUNDLE_IDENTIFIER = moha.tsahel;
				PRODUCT_NAME = "$(TARGET_NAME)";
				SWIFT_OBJC_BRIDGING_HEADER = "SWRevealSideMenu/tsaheel-Bridging-Header.h";
				SWIFT_OPTIMIZATION_LEVEL = "-Onone";
				SWIFT_VERSION = 4.2;
				TARGETED_DEVICE_FAMILY = "1,2";
			};
			name = Debug;
		};
		56E734BE230AC1300062C929 /* Release */ = {
			isa = XCBuildConfiguration;
			baseConfigurationReference = 6ECEE1C7CA71A5E0E91709CE /* Pods-tsaheel.release.xcconfig */;
			buildSettings = {
				ASSETCATALOG_COMPILER_APPICON_NAME = AppIcon;
				CLANG_ENABLE_MODULES = YES;
				CODE_SIGN_STYLE = Automatic;
				DEVELOPMENT_TEAM = YDF5T83ATT;
				INFOPLIST_FILE = tsaheel/Info.plist;
				LD_RUNPATH_SEARCH_PATHS = (
					"$(inherited)",
					"@executable_path/Frameworks",
				);
				PRODUCT_BUNDLE_IDENTIFIER = moha.tsahel;
				PRODUCT_NAME = "$(TARGET_NAME)";
				SWIFT_OBJC_BRIDGING_HEADER = "SWRevealSideMenu/tsaheel-Bridging-Header.h";
				SWIFT_VERSION = 4.2;
				TARGETED_DEVICE_FAMILY = "1,2";
			};
			name = Release;
		};
/* End XCBuildConfiguration section */

/* Begin XCConfigurationList section */
		56E734A5230AC12E0062C929 /* Build configuration list for PBXProject "tsaheel" */ = {
			isa = XCConfigurationList;
			buildConfigurations = (
				56E734BA230AC1300062C929 /* Debug */,
				56E734BB230AC1300062C929 /* Release */,
			);
			defaultConfigurationIsVisible = 0;
			defaultConfigurationName = Release;
		};
		56E734BC230AC1300062C929 /* Build configuration list for PBXNativeTarget "tsaheel" */ = {
			isa = XCConfigurationList;
			buildConfigurations = (
				56E734BD230AC1300062C929 /* Debug */,
				56E734BE230AC1300062C929 /* Release */,
			);
			defaultConfigurationIsVisible = 0;
			defaultConfigurationName = Release;
		};
/* End XCConfigurationList section */
	};
	rootObject = 56E734A2230AC12E0062C929 /* Project object */;
}
